
Microsoft Visual Studio Solution File, Format Version 12.00
# Visual Studio Version 17
VisualStudioVersion = 17.11.35327.3
MinimumVisualStudioVersion = 10.0.40219.1
Project("{FAE04EC0-301F-11D3-BF4B-00C04F79EFBC}") = "Assignment 5.2 Question 1", "Assignment 5.2 Question 1.csproj", "{91BDC99A-0E34-4FFA-B9AA-B005DFD648F6}"
EndProject
Global
	GlobalSection(SolutionConfigurationPlatforms) = preSolution
		Debug|Any CPU = Debug|Any CPU
		Release|Any CPU = Release|Any CPU
	EndGlobalSection
	GlobalSection(ProjectConfigurationPlatforms) = postSolution
		{91BDC99A-0E34-4FFA-B9AA-B005DFD648F6}.Debug|Any CPU.ActiveCfg = Debug|Any CPU
		{91BDC99A-0E34-4FFA-B9AA-B005DFD648F6}.Debug|Any CPU.Build.0 = Debug|Any CPU
		{91BDC99A-0E34-4FFA-B9AA-B005DFD648F6}.Release|Any CPU.ActiveCfg = Release|Any CPU
		{91BDC99A-0E34-4FFA-B9AA-B005DFD648F6}.Release|Any CPU.Build.0 = Release|Any CPU
	EndGlobalSection
	GlobalSection(SolutionProperties) = preSolution
		HideSolutionNode = FALSE
	EndGlobalSection
	GlobalSection(ExtensibilityGlobals) = postSolution
		SolutionGuid = {A069B1E1-A880-4388-B849-6E751464425E}
	EndGlobalSection
EndGlobal
